
Microsoft Visual Studio Solution File, Format Version 12.00
# Visual Studio 15
VisualStudioVersion = 15.0.28307.329
MinimumVisualStudioVersion = 10.0.40219.1
Project("{9A19103F-16F7-4668-BE54-9A1E7A4F7556}") = "ThanksNET.Core", "Thanks.NET.Core\ThanksNET.Core.csproj", "{270CBB00-ABBE-43A9-B00F-69A4008ABB6C}"
EndProject
Project("{9A19103F-16F7-4668-BE54-9A1E7A4F7556}") = "ThanksNET.ConsoleApp", "Thanks.NET.ConsoleApp\ThanksNET.ConsoleApp.csproj", "{BC925DB2-4C4B-4049-AC3E-A5F048528721}"
EndProject
Project("{2150E333-8FDC-42A3-9474-1A3956D46DE8}") = "Solution Items", "Solution Items", "{47213C29-019F-49F8-913A-C0A5055FD592}"
	ProjectSection(SolutionItems) = preProject
		..\.gitattributes = ..\.gitattributes
		..\.gitignore = ..\.gitignore
		..\README.md = ..\README.md
	EndProjectSection
EndProject
Global
	GlobalSection(SolutionConfigurationPlatforms) = preSolution
		Debug|Any CPU = Debug|Any CPU
		Release|Any CPU = Release|Any CPU
	EndGlobalSection
	GlobalSection(ProjectConfigurationPlatforms) = postSolution
		{270CBB00-ABBE-43A9-B00F-69A4008ABB6C}.Debug|Any CPU.ActiveCfg = Debug|Any CPU
		{270CBB00-ABBE-43A9-B00F-69A4008ABB6C}.Debug|Any CPU.Build.0 = Debug|Any CPU
		{270CBB00-ABBE-43A9-B00F-69A4008ABB6C}.Release|Any CPU.ActiveCfg = Release|Any CPU
		{270CBB00-ABBE-43A9-B00F-69A4008ABB6C}.Release|Any CPU.Build.0 = Release|Any CPU
		{BC925DB2-4C4B-4049-AC3E-A5F048528721}.Debug|Any CPU.ActiveCfg = Debug|Any CPU
		{BC925DB2-4C4B-4049-AC3E-A5F048528721}.Debug|Any CPU.Build.0 = Debug|Any CPU
		{BC925DB2-4C4B-4049-AC3E-A5F048528721}.Release|Any CPU.ActiveCfg = Release|Any CPU
		{BC925DB2-4C4B-4049-AC3E-A5F048528721}.Release|Any CPU.Build.0 = Release|Any CPU
	EndGlobalSection
	GlobalSection(SolutionProperties) = preSolution
		HideSolutionNode = FALSE
	EndGlobalSection
	GlobalSection(ExtensibilityGlobals) = postSolution
		SolutionGuid = {2080DD17-5DA9-4DD9-BF94-37DEA84AFD69}
	EndGlobalSection
EndGlobal
